
Microsoft Visual Studio Solution File, Format Version 12.00
# Visual Studio Version 16
VisualStudioVersion = 16.0.29411.108
MinimumVisualStudioVersion = 10.0.40219.1
Project("{FAE04EC0-301F-11D3-BF4B-00C04F79EFBC}") = "OpenXML_Playground", "OpenXML_Playground\OpenXML_Playground.csproj", "{C7959A93-CBE0-4E34-AAD5-A184276D013B}"
EndProject
Project("{FAE04EC0-301F-11D3-BF4B-00C04F79EFBC}") = "OpenXML_DLLProject", "OpenXML_DLLProject\OpenXML_DLLProject.csproj", "{65B67F44-9DFD-4CB6-B547-764564E5BA06}"
EndProject
Global
	GlobalSection(SolutionConfigurationPlatforms) = preSolution
		Debug|Any CPU = Debug|Any CPU
		Release|Any CPU = Release|Any CPU
	EndGlobalSection
	GlobalSection(ProjectConfigurationPlatforms) = postSolution
		{C7959A93-CBE0-4E34-AAD5-A184276D013B}.Debug|Any CPU.ActiveCfg = Debug|Any CPU
		{C7959A93-CBE0-4E34-AAD5-A184276D013B}.Debug|Any CPU.Build.0 = Debug|Any CPU
		{C7959A93-CBE0-4E34-AAD5-A184276D013B}.Release|Any CPU.ActiveCfg = Release|Any CPU
		{C7959A93-CBE0-4E34-AAD5-A184276D013B}.Release|Any CPU.Build.0 = Release|Any CPU
		{65B67F44-9DFD-4CB6-B547-764564E5BA06}.Debug|Any CPU.ActiveCfg = Debug|Any CPU
		{65B67F44-9DFD-4CB6-B547-764564E5BA06}.Debug|Any CPU.Build.0 = Debug|Any CPU
		{65B67F44-9DFD-4CB6-B547-764564E5BA06}.Release|Any CPU.ActiveCfg = Release|Any CPU
		{65B67F44-9DFD-4CB6-B547-764564E5BA06}.Release|Any CPU.Build.0 = Release|Any CPU
	EndGlobalSection
	GlobalSection(SolutionProperties) = preSolution
		HideSolutionNode = FALSE
	EndGlobalSection
	GlobalSection(ExtensibilityGlobals) = postSolution
		SolutionGuid = {264F7C8C-42AF-4BE5-8E9B-7F7C7C4C9477}
	EndGlobalSection
EndGlobal
