
Microsoft Visual Studio Solution File, Format Version 12.00
# Visual Studio 15
VisualStudioVersion = 15.0.28307.645
MinimumVisualStudioVersion = 10.0.40219.1
Project("{FAE04EC0-301F-11D3-BF4B-00C04F79EFBC}") = "AccessDbPlaygroundForm", "AccessDbPlaygroundForm\AccessDbPlaygroundForm.csproj", "{A3F946B5-E863-4B93-B3CD-93FC6F7A4987}"
EndProject
Global
	GlobalSection(SolutionConfigurationPlatforms) = preSolution
		Debug|Any CPU = Debug|Any CPU
		Release|Any CPU = Release|Any CPU
	EndGlobalSection
	GlobalSection(ProjectConfigurationPlatforms) = postSolution
		{A3F946B5-E863-4B93-B3CD-93FC6F7A4987}.Debug|Any CPU.ActiveCfg = Debug|Any CPU
		{A3F946B5-E863-4B93-B3CD-93FC6F7A4987}.Debug|Any CPU.Build.0 = Debug|Any CPU
		{A3F946B5-E863-4B93-B3CD-93FC6F7A4987}.Release|Any CPU.ActiveCfg = Release|Any CPU
		{A3F946B5-E863-4B93-B3CD-93FC6F7A4987}.Release|Any CPU.Build.0 = Release|Any CPU
	EndGlobalSection
	GlobalSection(SolutionProperties) = preSolution
		HideSolutionNode = FALSE
	EndGlobalSection
	GlobalSection(ExtensibilityGlobals) = postSolution
		SolutionGuid = {D5A0C994-FF53-4E29-BF29-B799DC4CCE21}
	EndGlobalSection
EndGlobal
